{
  "version": 4,
  "terraform_version": "1.9.3",
  "serial": 4,
  "lineage": "fb34deb9-3509-4d9d-504c-f88729814762",
  "outputs": {},
  "resources": [
    {
      "mode": "managed",
      "type": "spotify_playlist",
      "name": "Tollywood",
      "provider": "provider[\"registry.terraform.io/conradludgate/spotify\"]",
      "instances": [
        {
          "schema_version": 0,
          "attributes": {
            "description": null,
            "id": "3ssqBF7t3Unt26i8hxbRSA",
            "name": "Tollywood",
            "public": true,
            "snapshot_id": "AAAAAiLHMmldIkpfqeiZsoNOQE7UTEID",
            "tracks": [
              "4eBvRhTJ2AcxCsbfTUjoRp"
            ]
          },
          "sensitive_attributes": [],
          "private": "bnVsbA=="
        }
      ]
    }
  ],
  "check_results": null
}
